// !$*UTF8*$!
{
	archiveVersion = 1;
	classes = {
	};
	objectVersion = 46;
	objects = {

/* Begin PBXBuildFile section */
		BD82AD181A5EC9C3005B4D8B /* main.m in Sources */ = {isa = PBXBuildFile; fileRef = BD82AD171A5EC9C3005B4D8B /* main.m */; };
		BD82AD1B1A5EC9C3005B4D8B /* AppDelegate.m in Sources */ = {isa = PBXBuildFile; fileRef = BD82AD1A1A5EC9C3005B4D8B /* AppDelegate.m */; };
		BD82AD231A5EC9C3005B4D8B /* Images.xcassets in Resources */ = {isa = PBXBuildFile; fileRef = BD82AD221A5EC9C3005B4D8B /* Images.xcassets */; };
		BD82AD261A5EC9C3005B4D8B /* LaunchScreen.xib in Resources */ = {isa = PBXBuildFile; fileRef = BD82AD241A5EC9C3005B4D8B /* LaunchScreen.xib */; };
		BD82AD321A5EC9C3005B4D8B /* GithubFriendsTests.m in Sources */ = {isa = PBXBuildFile; fileRef = BD82AD311A5EC9C3005B4D8B /* GithubFriendsTests.m */; };
		BD82AD3D1A5ECB70005B4D8B /* FriendsTVC.m in Sources */ = {isa = PBXBuildFile; fileRef = BD82AD3C1A5ECB70005B4D8B /* FriendsTVC.m */; };
		BD82AD401A5ECB9F005B4D8B /* FriendCell.m in Sources */ = {isa = PBXBuildFile; fileRef = BD82AD3F1A5ECB9F005B4D8B /* FriendCell.m */; };
/* End PBXBuildFile section */

/* Begin PBXContainerItemProxy section */
		BD82AD2C1A5EC9C3005B4D8B /* PBXContainerItemProxy */ = {
			isa = PBXContainerItemProxy;
			containerPortal = BD82AD0A1A5EC9C3005B4D8B /* Project object */;
			proxyType = 1;
			remoteGlobalIDString = BD82AD111A5EC9C3005B4D8B;
			remoteInfo = GithubFriends;
		};
/* End PBXContainerItemProxy section */

/* Begin PBXFileReference section */
		BD82AD121A5EC9C3005B4D8B /* GithubFriends.app */ = {isa = PBXFileReference; explicitFileType = wrapper.application; includeInIndex = 0; path = GithubFriends.app; sourceTree = BUILT_PRODUCTS_DIR; };
		BD82AD161A5EC9C3005B4D8B /* Info.plist */ = {isa = PBXFileReference; lastKnownFileType = text.plist.xml; path = Info.plist; sourceTree = "<group>"; };
		BD82AD171A5EC9C3005B4D8B /* main.m */ = {isa = PBXFileReference; lastKnownFileType = sourcecode.c.objc; path = main.m; sourceTree = "<group>"; };
		BD82AD191A5EC9C3005B4D8B /* AppDelegate.h */ = {isa = PBXFileReference; lastKnownFileType = sourcecode.c.h; path = AppDelegate.h; sourceTree = "<group>"; };
		BD82AD1A1A5EC9C3005B4D8B /* AppDelegate.m */ = {isa = PBXFileReference; lastKnownFileType = sourcecode.c.objc; path = AppDelegate.m; sourceTree = "<group>"; };
		BD82AD221A5EC9C3005B4D8B /* Images.xcassets */ = {isa = PBXFileReference; lastKnownFileType = folder.assetcatalog; path = Images.xcassets; sourceTree = "<group>"; };
		BD82AD251A5EC9C3005B4D8B /* Base */ = {isa = PBXFileReference; lastKnownFileType = file.xib; name = Base; path = Base.lproj/LaunchScreen.xib; sourceTree = "<group>"; };
		BD82AD2B1A5EC9C3005B4D8B /* GithubFriendsTests.xctest */ = {isa = PBXFileReference; explicitFileType = wrapper.cfbundle; includeInIndex = 0; path = GithubFriendsTests.xctest; sourceTree = BUILT_PRODUCTS_DIR; };
		BD82AD301A5EC9C3005B4D8B /* Info.plist */ = {isa = PBXFileReference; lastKnownFileType = text.plist.xml; path = Info.plist; sourceTree = "<group>"; };
		BD82AD311A5EC9C3005B4D8B /* GithubFriendsTests.m */ = {isa = PBXFileReference; lastKnownFileType = sourcecode.c.objc; path = GithubFriendsTests.m; sourceTree = "<group>"; };
		BD82AD3B1A5ECB70005B4D8B /* FriendsTVC.h */ = {isa = PBXFileReference; fileEncoding = 4; lastKnownFileType = sourcecode.c.h; name = FriendsTVC.h; path = ../FriendsTVC.h; sourceTree = "<group>"; };
		BD82AD3C1A5ECB70005B4D8B /* FriendsTVC.m */ = {isa = PBXFileReference; fileEncoding = 4; lastKnownFileType = sourcecode.c.objc; name = FriendsTVC.m; path = ../FriendsTVC.m; sourceTree = "<group>"; };
		BD82AD3E1A5ECB9F005B4D8B /* FriendCell.h */ = {isa = PBXFileReference; fileEncoding = 4; lastKnownFileType = sourcecode.c.h; name = FriendCell.h; path = ../FriendCell.h; sourceTree = "<group>"; };
		BD82AD3F1A5ECB9F005B4D8B /* FriendCell.m */ = {isa = PBXFileReference; fileEncoding = 4; lastKnownFileType = sourcecode.c.objc; name = FriendCell.m; path = ../FriendCell.m; sourceTree = "<group>"; };
/* End PBXFileReference section */

/* Begin PBXFrameworksBuildPhase section */
		BD82AD0F1A5EC9C3005B4D8B /* Frameworks */ = {
			isa = PBXFrameworksBuildPhase;
			buildActionMask = 2147483647;
			files = (
			);
			runOnlyForDeploymentPostprocessing = 0;
		};
		BD82AD281A5EC9C3005B4D8B /* Frameworks */ = {
			isa = PBXFrameworksBuildPhase;
			buildActionMask = 2147483647;
			files = (
			);
			runOnlyForDeploymentPostprocessing = 0;
		};
/* End PBXFrameworksBuildPhase section */

/* Begin PBXGroup section */
		BD82AD091A5EC9C3005B4D8B = {
			isa = PBXGroup;
			children = (
				BD82AD141A5EC9C3005B4D8B /* GithubFriends */,
				BD82AD2E1A5EC9C3005B4D8B /* GithubFriendsTests */,
				BD82AD131A5EC9C3005B4D8B /* Products */,
			);
			sourceTree = "<group>";
		};
		BD82AD131A5EC9C3005B4D8B /* Products */ = {
			isa = PBXGroup;
			children = (
				BD82AD121A5EC9C3005B4D8B /* GithubFriends.app */,
				BD82AD2B1A5EC9C3005B4D8B /* GithubFriendsTests.xctest */,
			);
			name = Products;
			sourceTree = "<group>";
		};
		BD82AD141A5EC9C3005B4D8B /* GithubFriends */ = {
			isa = PBXGroup;
			children = (
				BD82AD3B1A5ECB70005B4D8B /* FriendsTVC.h */,
				BD82AD3C1A5ECB70005B4D8B /* FriendsTVC.m */,
				BD82AD3E1A5ECB9F005B4D8B /* FriendCell.h */,
				BD82AD3F1A5ECB9F005B4D8B /* FriendCell.m */,
				BD82AD191A5EC9C3005B4D8B /* AppDelegate.h */,
				BD82AD1A1A5EC9C3005B4D8B /* AppDelegate.m */,
				BD82AD221A5EC9C3005B4D8B /* Images.xcassets */,
				BD82AD241A5EC9C3005B4D8B /* LaunchScreen.xib */,
				BD82AD151A5EC9C3005B4D8B /* Supporting Files */,
			);
			path = GithubFriends;
			sourceTree = "<group>";
		};
		BD82AD151A5EC9C3005B4D8B /* Supporting Files */ = {
			isa = PBXGroup;
			children = (
				BD82AD161A5EC9C3005B4D8B /* Info.plist */,
				BD82AD171A5EC9C3005B4D8B /* main.m */,
			);
			name = "Supporting Files";
			sourceTree = "<group>";
		};
		BD82AD2E1A5EC9C3005B4D8B /* GithubFriendsTests */ = {
			isa = PBXGroup;
			children = (
				BD82AD311A5EC9C3005B4D8B /* GithubFriendsTests.m */,
				BD82AD2F1A5EC9C3005B4D8B /* Supporting Files */,
			);
			path = GithubFriendsTests;
			sourceTree = "<group>";
		};
		BD82AD2F1A5EC9C3005B4D8B /* Supporting Files */ = {
			isa = PBXGroup;
			children = (
				BD82AD301A5EC9C3005B4D8B /* Info.plist */,
			);
			name = "Supporting Files";
			sourceTree = "<group>";
		};
/* End PBXGroup section */

/* Begin PBXNativeTarget section */
		BD82AD111A5EC9C3005B4D8B /* GithubFriends */ = {
			isa = PBXNativeTarget;
			buildConfigurationList = BD82AD351A5EC9C3005B4D8B /* Build configuration list for PBXNativeTarget "GithubFriends" */;
			buildPhases = (
				BD82AD0E1A5EC9C3005B4D8B /* Sources */,
				BD82AD0F1A5EC9C3005B4D8B /* Frameworks */,
				BD82AD101A5EC9C3005B4D8B /* Resources */,
			);
			buildRules = (
			);
			dependencies = (
			);
			name = GithubFriends;
			productName = GithubFriends;
			productReference = BD82AD121A5EC9C3005B4D8B /* GithubFriends.app */;
			productType = "com.apple.product-type.application";
		};
		BD82AD2A1A5EC9C3005B4D8B /* GithubFriendsTests */ = {
			isa = PBXNativeTarget;
			buildConfigurationList = BD82AD381A5EC9C3005B4D8B /* Build configuration list for PBXNativeTarget "GithubFriendsTests" */;
			buildPhases = (
				BD82AD271A5EC9C3005B4D8B /* Sources */,
				BD82AD281A5EC9C3005B4D8B /* Frameworks */,
				BD82AD291A5EC9C3005B4D8B /* Resources */,
			);
			buildRules = (
			);
			dependencies = (
				BD82AD2D1A5EC9C3005B4D8B /* PBXTargetDependency */,
			);
			name = GithubFriendsTests;
			productName = GithubFriendsTests;
			productReference = BD82AD2B1A5EC9C3005B4D8B /* GithubFriendsTests.xctest */;
			productType = "com.apple.product-type.bundle.unit-test";
		};
/* End PBXNativeTarget section */

/* Begin PBXProject section */
		BD82AD0A1A5EC9C3005B4D8B /* Project object */ = {
			isa = PBXProject;
			attributes = {
				LastUpgradeCheck = 0610;
				ORGANIZATIONNAME = "William McDuff";
				TargetAttributes = {
					BD82AD111A5EC9C3005B4D8B = {
						CreatedOnToolsVersion = 6.1.1;
					};
					BD82AD2A1A5EC9C3005B4D8B = {
						CreatedOnToolsVersion = 6.1.1;
						TestTargetID = BD82AD111A5EC9C3005B4D8B;
					};
				};
			};
			buildConfigurationList = BD82AD0D1A5EC9C3005B4D8B /* Build configuration list for PBXProject "GithubFriends" */;
			compatibilityVersion = "Xcode 3.2";
			developmentRegion = English;
			hasScannedForEncodings = 0;
			knownRegions = (
				en,
				Base,
			);
			mainGroup = BD82AD091A5EC9C3005B4D8B;
			productRefGroup = BD82AD131A5EC9C3005B4D8B /* Products */;
			projectDirPath = "";
			projectRoot = "";
			targets = (
				BD82AD111A5EC9C3005B4D8B /* GithubFriends */,
				BD82AD2A1A5EC9C3005B4D8B /* GithubFriendsTests */,
			);
		};
/* End PBXProject section */

/* Begin PBXResourcesBuildPhase section */
		BD82AD101A5EC9C3005B4D8B /* Resources */ = {
			isa = PBXResourcesBuildPhase;
			buildActionMask = 2147483647;
			files = (
				BD82AD261A5EC9C3005B4D8B /* LaunchScreen.xib in Resources */,
				BD82AD231A5EC9C3005B4D8B /* Images.xcassets in Resources */,
			);
			runOnlyForDeploymentPostprocessing = 0;
		};
		BD82AD291A5EC9C3005B4D8B /* Resources */ = {
			isa = PBXResourcesBuildPhase;
			buildActionMask = 2147483647;
			files = (
			);
			runOnlyForDeploymentPostprocessing = 0;
		};
/* End PBXResourcesBuildPhase section */

/* Begin PBXSourcesBuildPhase section */
		BD82AD0E1A5EC9C3005B4D8B /* Sources */ = {
			isa = PBXSourcesBuildPhase;
			buildActionMask = 2147483647;
			files = (
				BD82AD1B1A5EC9C3005B4D8B /* AppDelegate.m in Sources */,
				BD82AD3D1A5ECB70005B4D8B /* FriendsTVC.m in Sources */,
				BD82AD181A5EC9C3005B4D8B /* main.m in Sources */,
				BD82AD401A5ECB9F005B4D8B /* FriendCell.m in Sources */,
			);
			runOnlyForDeploymentPostprocessing = 0;
		};
		BD82AD271A5EC9C3005B4D8B /* Sources */ = {
			isa = PBXSourcesBuildPhase;
			buildActionMask = 2147483647;
			files = (
				BD82AD321A5EC9C3005B4D8B /* GithubFriendsTests.m in Sources */,
			);
			runOnlyForDeploymentPostprocessing = 0;
		};
/* End PBXSourcesBuildPhase section */

/* Begin PBXTargetDependency section */
		BD82AD2D1A5EC9C3005B4D8B /* PBXTargetDependency */ = {
			isa = PBXTargetDependency;
			target = BD82AD111A5EC9C3005B4D8B /* GithubFriends */;
			targetProxy = BD82AD2C1A5EC9C3005B4D8B /* PBXContainerItemProxy */;
		};
/* End PBXTargetDependency section */

/* Begin PBXVariantGroup section */
		BD82AD241A5EC9C3005B4D8B /* LaunchScreen.xib */ = {
			isa = PBXVariantGroup;
			children = (
				BD82AD251A5EC9C3005B4D8B /* Base */,
			);
			name = LaunchScreen.xib;
			sourceTree = "<group>";
		};
/* End PBXVariantGroup section */

/* Begin XCBuildConfiguration section */
		BD82AD331A5EC9C3005B4D8B /* Debug */ = {
			isa = XCBuildConfiguration;
			buildSettings = {
				ALWAYS_SEARCH_USER_PATHS = NO;
				CLANG_CXX_LANGUAGE_STANDARD = "gnu++0x";
				CLANG_CXX_LIBRARY = "libc++";
				CLANG_ENABLE_MODULES = YES;
				CLANG_ENABLE_OBJC_ARC = YES;
				CLANG_WARN_BOOL_CONVERSION = YES;
				CLANG_WARN_CONSTANT_CONVERSION = YES;
				CLANG_WARN_DIRECT_OBJC_ISA_USAGE = YES_ERROR;
				CLANG_WARN_EMPTY_BODY = YES;
				CLANG_WARN_ENUM_CONVERSION = YES;
				CLANG_WARN_INT_CONVERSION = YES;
				CLANG_WARN_OBJC_ROOT_CLASS = YES_ERROR;
				CLANG_WARN_UNREACHABLE_CODE = YES;
				CLANG_WARN__DUPLICATE_METHOD_MATCH = YES;
				"CODE_SIGN_IDENTITY[sdk=iphoneos*]" = "iPhone Developer";
				COPY_PHASE_STRIP = NO;
				ENABLE_STRICT_OBJC_MSGSEND = YES;
				GCC_C_LANGUAGE_STANDARD = gnu99;
				GCC_DYNAMIC_NO_PIC = NO;
				GCC_OPTIMIZATION_LEVEL = 0;
				GCC_PREPROCESSOR_DEFINITIONS = (
					"DEBUG=1",
					"$(inherited)",
				);
				GCC_SYMBOLS_PRIVATE_EXTERN = NO;
				GCC_WARN_64_TO_32_BIT_CONVERSION = YES;
				GCC_WARN_ABOUT_RETURN_TYPE = YES_ERROR;
				GCC_WARN_UNDECLARED_SELECTOR = YES;
				GCC_WARN_UNINITIALIZED_AUTOS = YES_AGGRESSIVE;
				GCC_WARN_UNUSED_FUNCTION = YES;
				GCC_WARN_UNUSED_VARIABLE = YES;
				IPHONEOS_DEPLOYMENT_TARGET = 8.1;
				MTL_ENABLE_DEBUG_INFO = YES;
				ONLY_ACTIVE_ARCH = YES;
				SDKROOT = iphoneos;
			};
			name = Debug;
		};
		BD82AD341A5EC9C3005B4D8B /* Release */ = {
			isa = XCBuildConfiguration;
			buildSettings = {
				ALWAYS_SEARCH_USER_PATHS = NO;
				CLANG_CXX_LANGUAGE_STANDARD = "gnu++0x";
				CLANG_CXX_LIBRARY = "libc++";
				CLANG_ENABLE_MODULES = YES;
				CLANG_ENABLE_OBJC_ARC = YES;
				CLANG_WARN_BOOL_CONVERSION = YES;
				CLANG_WARN_CONSTANT_CONVERSION = YES;
				CLANG_WARN_DIRECT_OBJC_ISA_USAGE = YES_ERROR;
				CLANG_WARN_EMPTY_BODY = YES;
				CLANG_WARN_ENUM_CONVERSION = YES;
				CLANG_WARN_INT_CONVERSION = YES;
				CLANG_WARN_OBJC_ROOT_CLASS = YES_ERROR;
				CLANG_WARN_UNREACHABLE_CODE = YES;
				CLANG_WARN__DUPLICATE_METHOD_MATCH = YES;
				"CODE_SIGN_IDENTITY[sdk=iphoneos*]" = "iPhone Developer";
				COPY_PHASE_STRIP = YES;
				ENABLE_NS_ASSERTIONS = NO;
				ENABLE_STRICT_OBJC_MSGSEND = YES;
				GCC_C_LANGUAGE_STANDARD = gnu99;
				GCC_WARN_64_TO_32_BIT_CONVERSION = YES;
				GCC_WARN_ABOUT_RETURN_TYPE = YES_ERROR;
				GCC_WARN_UNDECLARED_SELECTOR = YES;
				GCC_WARN_UNINITIALIZED_AUTOS = YES_AGGRESSIVE;
				GCC_WARN_UNUSED_FUNCTION = YES;
				GCC_WARN_UNUSED_VARIABLE = YES;
				IPHONEOS_DEPLOYMENT_TARGET = 8.1;
				MTL_ENABLE_DEBUG_INFO = NO;
				SDKROOT = iphoneos;
				VALIDATE_PRODUCT = YES;
			};
			name = Release;
		};
		BD82AD361A5EC9C3005B4D8B /* Debug */ = {
			isa = XCBuildConfiguration;
			buildSettings = {
				ASSETCATALOG_COMPILER_APPICON_NAME = AppIcon;
				INFOPLIST_FILE = GithubFriends/Info.plist;
				LD_RUNPATH_SEARCH_PATHS = "$(inherited) @executable_path/Frameworks";
				PRODUCT_NAME = "$(TARGET_NAME)";
			};
			name = Debug;
		};
		BD82AD371A5EC9C3005B4D8B /* Release */ = {
			isa = XCBuildConfiguration;
			buildSettings = {
				ASSETCATALOG_COMPILER_APPICON_NAME = AppIcon;
				INFOPLIST_FILE = GithubFriends/Info.plist;
				LD_RUNPATH_SEARCH_PATHS = "$(inherited) @executable_path/Frameworks";
				PRODUCT_NAME = "$(TARGET_NAME)";
			};
			name = Release;
		};
		BD82AD391A5EC9C3005B4D8B /* Debug */ = {
			isa = XCBuildConfiguration;
			buildSettings = {
				BUNDLE_LOADER = "$(TEST_HOST)";
				FRAMEWORK_SEARCH_PATHS = (
					"$(SDKROOT)/Developer/Library/Frameworks",
					"$(inherited)",
				);
				GCC_PREPROCESSOR_DEFINITIONS = (
					"DEBUG=1",
					"$(inherited)",
				);
				INFOPLIST_FILE = GithubFriendsTests/Info.plist;
				LD_RUNPATH_SEARCH_PATHS = "$(inherited) @executable_path/Frameworks @loader_path/Frameworks";
				PRODUCT_NAME = "$(TARGET_NAME)";
				TEST_HOST = "$(BUILT_PRODUCTS_DIR)/GithubFriends.app/GithubFriends";
			};
			name = Debug;
		};
		BD82AD3A1A5EC9C3005B4D8B /* Release */ = {
			isa = XCBuildConfiguration;
			buildSettings = {
				BUNDLE_LOADER = "$(TEST_HOST)";
				FRAMEWORK_SEARCH_PATHS = (
					"$(SDKROOT)/Developer/Library/Frameworks",
					"$(inherited)",
				);
				INFOPLIST_FILE = GithubFriendsTests/Info.plist;
				LD_RUNPATH_SEARCH_PATHS = "$(inherited) @executable_path/Frameworks @loader_path/Frameworks";
				PRODUCT_NAME = "$(TARGET_NAME)";
				TEST_HOST = "$(BUILT_PRODUCTS_DIR)/GithubFriends.app/GithubFriends";
			};
			name = Release;
		};
/* End XCBuildConfiguration section */

/* Begin XCConfigurationList section */
		BD82AD0D1A5EC9C3005B4D8B /* Build configuration list for PBXProject "GithubFriends" */ = {
			isa = XCConfigurationList;
			buildConfigurations = (
				BD82AD331A5EC9C3005B4D8B /* Debug */,
				BD82AD341A5EC9C3005B4D8B /* Release */,
			);
			defaultConfigurationIsVisible = 0;
			defaultConfigurationName = Release;
		};
		BD82AD351A5EC9C3005B4D8B /* Build configuration list for PBXNativeTarget "GithubFriends" */ = {
			isa = XCConfigurationList;
			buildConfigurations = (
				BD82AD361A5EC9C3005B4D8B /* Debug */,
				BD82AD371A5EC9C3005B4D8B /* Release */,
			);
			defaultConfigurationIsVisible = 0;
			defaultConfigurationName = Release;
		};
		BD82AD381A5EC9C3005B4D8B /* Build configuration list for PBXNativeTarget "GithubFriendsTests" */ = {
			isa = XCConfigurationList;
			buildConfigurations = (
				BD82AD391A5EC9C3005B4D8B /* Debug */,
				BD82AD3A1A5EC9C3005B4D8B /* Release */,
			);
			defaultConfigurationIsVisible = 0;
			defaultConfigurationName = Release;
		};
/* End XCConfigurationList section */
	};
	rootObject = BD82AD0A1A5EC9C3005B4D8B /* Project object */;
}
