// !$*UTF8*$!
{
	archiveVersion = 1;
	classes = {
	};
	objectVersion = 46;
	objects = {

/* Begin PBXBuildFile section */
		BD6FCAC21A792E5400453032 /* AppDelegate.swift in Sources */ = {isa = PBXBuildFile; fileRef = BD6FCAC11A792E5400453032 /* AppDelegate.swift */; };
		BD6FCAC41A792E5400453032 /* ViewController.swift in Sources */ = {isa = PBXBuildFile; fileRef = BD6FCAC31A792E5400453032 /* ViewController.swift */; };
		BD6FCAC71A792E5400453032 /* Main.storyboard in Resources */ = {isa = PBXBuildFile; fileRef = BD6FCAC51A792E5400453032 /* Main.storyboard */; };
		BD6FCAC91A792E5400453032 /* Images.xcassets in Resources */ = {isa = PBXBuildFile; fileRef = BD6FCAC81A792E5400453032 /* Images.xcassets */; };
		BD6FCACC1A792E5400453032 /* LaunchScreen.xib in Resources */ = {isa = PBXBuildFile; fileRef = BD6FCACA1A792E5400453032 /* LaunchScreen.xib */; };
		BD6FCAD81A792E5400453032 /* BreakTests.swift in Sources */ = {isa = PBXBuildFile; fileRef = BD6FCAD71A792E5400453032 /* BreakTests.swift */; };
/* End PBXBuildFile section */

/* Begin PBXContainerItemProxy section */
		BD6FCAD21A792E5400453032 /* PBXContainerItemProxy */ = {
			isa = PBXContainerItemProxy;
			containerPortal = BD6FCAB41A792E5400453032 /* Project object */;
			proxyType = 1;
			remoteGlobalIDString = BD6FCABB1A792E5400453032;
			remoteInfo = Break;
		};
/* End PBXContainerItemProxy section */

/* Begin PBXFileReference section */
		BD6FCABC1A792E5400453032 /* Break.app */ = {isa = PBXFileReference; explicitFileType = wrapper.application; includeInIndex = 0; path = Break.app; sourceTree = BUILT_PRODUCTS_DIR; };
		BD6FCAC01A792E5400453032 /* Info.plist */ = {isa = PBXFileReference; lastKnownFileType = text.plist.xml; path = Info.plist; sourceTree = "<group>"; };
		BD6FCAC11A792E5400453032 /* AppDelegate.swift */ = {isa = PBXFileReference; lastKnownFileType = sourcecode.swift; path = AppDelegate.swift; sourceTree = "<group>"; };
		BD6FCAC31A792E5400453032 /* ViewController.swift */ = {isa = PBXFileReference; lastKnownFileType = sourcecode.swift; path = ViewController.swift; sourceTree = "<group>"; };
		BD6FCAC61A792E5400453032 /* Base */ = {isa = PBXFileReference; lastKnownFileType = file.storyboard; name = Base; path = Base.lproj/Main.storyboard; sourceTree = "<group>"; };
		BD6FCAC81A792E5400453032 /* Images.xcassets */ = {isa = PBXFileReference; lastKnownFileType = folder.assetcatalog; path = Images.xcassets; sourceTree = "<group>"; };
		BD6FCACB1A792E5400453032 /* Base */ = {isa = PBXFileReference; lastKnownFileType = file.xib; name = Base; path = Base.lproj/LaunchScreen.xib; sourceTree = "<group>"; };
		BD6FCAD11A792E5400453032 /* BreakTests.xctest */ = {isa = PBXFileReference; explicitFileType = wrapper.cfbundle; includeInIndex = 0; path = BreakTests.xctest; sourceTree = BUILT_PRODUCTS_DIR; };
		BD6FCAD61A792E5400453032 /* Info.plist */ = {isa = PBXFileReference; lastKnownFileType = text.plist.xml; path = Info.plist; sourceTree = "<group>"; };
		BD6FCAD71A792E5400453032 /* BreakTests.swift */ = {isa = PBXFileReference; lastKnownFileType = sourcecode.swift; path = BreakTests.swift; sourceTree = "<group>"; };
/* End PBXFileReference section */

/* Begin PBXFrameworksBuildPhase section */
		BD6FCAB91A792E5400453032 /* Frameworks */ = {
			isa = PBXFrameworksBuildPhase;
			buildActionMask = 2147483647;
			files = (
			);
			runOnlyForDeploymentPostprocessing = 0;
		};
		BD6FCACE1A792E5400453032 /* Frameworks */ = {
			isa = PBXFrameworksBuildPhase;
			buildActionMask = 2147483647;
			files = (
			);
			runOnlyForDeploymentPostprocessing = 0;
		};
/* End PBXFrameworksBuildPhase section */

/* Begin PBXGroup section */
		BD6FCAB31A792E5400453032 = {
			isa = PBXGroup;
			children = (
				BD6FCABE1A792E5400453032 /* Break */,
				BD6FCAD41A792E5400453032 /* BreakTests */,
				BD6FCABD1A792E5400453032 /* Products */,
			);
			sourceTree = "<group>";
		};
		BD6FCABD1A792E5400453032 /* Products */ = {
			isa = PBXGroup;
			children = (
				BD6FCABC1A792E5400453032 /* Break.app */,
				BD6FCAD11A792E5400453032 /* BreakTests.xctest */,
			);
			name = Products;
			sourceTree = "<group>";
		};
		BD6FCABE1A792E5400453032 /* Break */ = {
			isa = PBXGroup;
			children = (
				BD6FCAC11A792E5400453032 /* AppDelegate.swift */,
				BD6FCAC31A792E5400453032 /* ViewController.swift */,
				BD6FCAC51A792E5400453032 /* Main.storyboard */,
				BD6FCAC81A792E5400453032 /* Images.xcassets */,
				BD6FCACA1A792E5400453032 /* LaunchScreen.xib */,
				BD6FCABF1A792E5400453032 /* Supporting Files */,
			);
			path = Break;
			sourceTree = "<group>";
		};
		BD6FCABF1A792E5400453032 /* Supporting Files */ = {
			isa = PBXGroup;
			children = (
				BD6FCAC01A792E5400453032 /* Info.plist */,
			);
			name = "Supporting Files";
			sourceTree = "<group>";
		};
		BD6FCAD41A792E5400453032 /* BreakTests */ = {
			isa = PBXGroup;
			children = (
				BD6FCAD71A792E5400453032 /* BreakTests.swift */,
				BD6FCAD51A792E5400453032 /* Supporting Files */,
			);
			path = BreakTests;
			sourceTree = "<group>";
		};
		BD6FCAD51A792E5400453032 /* Supporting Files */ = {
			isa = PBXGroup;
			children = (
				BD6FCAD61A792E5400453032 /* Info.plist */,
			);
			name = "Supporting Files";
			sourceTree = "<group>";
		};
/* End PBXGroup section */

/* Begin PBXNativeTarget section */
		BD6FCABB1A792E5400453032 /* Break */ = {
			isa = PBXNativeTarget;
			buildConfigurationList = BD6FCADB1A792E5400453032 /* Build configuration list for PBXNativeTarget "Break" */;
			buildPhases = (
				BD6FCAB81A792E5400453032 /* Sources */,
				BD6FCAB91A792E5400453032 /* Frameworks */,
				BD6FCABA1A792E5400453032 /* Resources */,
			);
			buildRules = (
			);
			dependencies = (
			);
			name = Break;
			productName = Break;
			productReference = BD6FCABC1A792E5400453032 /* Break.app */;
			productType = "com.apple.product-type.application";
		};
		BD6FCAD01A792E5400453032 /* BreakTests */ = {
			isa = PBXNativeTarget;
			buildConfigurationList = BD6FCADE1A792E5400453032 /* Build configuration list for PBXNativeTarget "BreakTests" */;
			buildPhases = (
				BD6FCACD1A792E5400453032 /* Sources */,
				BD6FCACE1A792E5400453032 /* Frameworks */,
				BD6FCACF1A792E5400453032 /* Resources */,
			);
			buildRules = (
			);
			dependencies = (
				BD6FCAD31A792E5400453032 /* PBXTargetDependency */,
			);
			name = BreakTests;
			productName = BreakTests;
			productReference = BD6FCAD11A792E5400453032 /* BreakTests.xctest */;
			productType = "com.apple.product-type.bundle.unit-test";
		};
/* End PBXNativeTarget section */

/* Begin PBXProject section */
		BD6FCAB41A792E5400453032 /* Project object */ = {
			isa = PBXProject;
			attributes = {
				LastUpgradeCheck = 0610;
				ORGANIZATIONNAME = "William McDuff";
				TargetAttributes = {
					BD6FCABB1A792E5400453032 = {
						CreatedOnToolsVersion = 6.1.1;
					};
					BD6FCAD01A792E5400453032 = {
						CreatedOnToolsVersion = 6.1.1;
						TestTargetID = BD6FCABB1A792E5400453032;
					};
				};
			};
			buildConfigurationList = BD6FCAB71A792E5400453032 /* Build configuration list for PBXProject "Break" */;
			compatibilityVersion = "Xcode 3.2";
			developmentRegion = English;
			hasScannedForEncodings = 0;
			knownRegions = (
				en,
				Base,
			);
			mainGroup = BD6FCAB31A792E5400453032;
			productRefGroup = BD6FCABD1A792E5400453032 /* Products */;
			projectDirPath = "";
			projectRoot = "";
			targets = (
				BD6FCABB1A792E5400453032 /* Break */,
				BD6FCAD01A792E5400453032 /* BreakTests */,
			);
		};
/* End PBXProject section */

/* Begin PBXResourcesBuildPhase section */
		BD6FCABA1A792E5400453032 /* Resources */ = {
			isa = PBXResourcesBuildPhase;
			buildActionMask = 2147483647;
			files = (
				BD6FCAC71A792E5400453032 /* Main.storyboard in Resources */,
				BD6FCACC1A792E5400453032 /* LaunchScreen.xib in Resources */,
				BD6FCAC91A792E5400453032 /* Images.xcassets in Resources */,
			);
			runOnlyForDeploymentPostprocessing = 0;
		};
		BD6FCACF1A792E5400453032 /* Resources */ = {
			isa = PBXResourcesBuildPhase;
			buildActionMask = 2147483647;
			files = (
			);
			runOnlyForDeploymentPostprocessing = 0;
		};
/* End PBXResourcesBuildPhase section */

/* Begin PBXSourcesBuildPhase section */
		BD6FCAB81A792E5400453032 /* Sources */ = {
			isa = PBXSourcesBuildPhase;
			buildActionMask = 2147483647;
			files = (
				BD6FCAC41A792E5400453032 /* ViewController.swift in Sources */,
				BD6FCAC21A792E5400453032 /* AppDelegate.swift in Sources */,
			);
			runOnlyForDeploymentPostprocessing = 0;
		};
		BD6FCACD1A792E5400453032 /* Sources */ = {
			isa = PBXSourcesBuildPhase;
			buildActionMask = 2147483647;
			files = (
				BD6FCAD81A792E5400453032 /* BreakTests.swift in Sources */,
			);
			runOnlyForDeploymentPostprocessing = 0;
		};
/* End PBXSourcesBuildPhase section */

/* Begin PBXTargetDependency section */
		BD6FCAD31A792E5400453032 /* PBXTargetDependency */ = {
			isa = PBXTargetDependency;
			target = BD6FCABB1A792E5400453032 /* Break */;
			targetProxy = BD6FCAD21A792E5400453032 /* PBXContainerItemProxy */;
		};
/* End PBXTargetDependency section */

/* Begin PBXVariantGroup section */
		BD6FCAC51A792E5400453032 /* Main.storyboard */ = {
			isa = PBXVariantGroup;
			children = (
				BD6FCAC61A792E5400453032 /* Base */,
			);
			name = Main.storyboard;
			sourceTree = "<group>";
		};
		BD6FCACA1A792E5400453032 /* LaunchScreen.xib */ = {
			isa = PBXVariantGroup;
			children = (
				BD6FCACB1A792E5400453032 /* Base */,
			);
			name = LaunchScreen.xib;
			sourceTree = "<group>";
		};
/* End PBXVariantGroup section */

/* Begin XCBuildConfiguration section */
		BD6FCAD91A792E5400453032 /* Debug */ = {
			isa = XCBuildConfiguration;
			buildSettings = {
				ALWAYS_SEARCH_USER_PATHS = NO;
				CLANG_CXX_LANGUAGE_STANDARD = "gnu++0x";
				CLANG_CXX_LIBRARY = "libc++";
				CLANG_ENABLE_MODULES = YES;
				CLANG_ENABLE_OBJC_ARC = YES;
				CLANG_WARN_BOOL_CONVERSION = YES;
				CLANG_WARN_CONSTANT_CONVERSION = YES;
				CLANG_WARN_DIRECT_OBJC_ISA_USAGE = YES_ERROR;
				CLANG_WARN_EMPTY_BODY = YES;
				CLANG_WARN_ENUM_CONVERSION = YES;
				CLANG_WARN_INT_CONVERSION = YES;
				CLANG_WARN_OBJC_ROOT_CLASS = YES_ERROR;
				CLANG_WARN_UNREACHABLE_CODE = YES;
				CLANG_WARN__DUPLICATE_METHOD_MATCH = YES;
				"CODE_SIGN_IDENTITY[sdk=iphoneos*]" = "iPhone Developer";
				COPY_PHASE_STRIP = NO;
				ENABLE_STRICT_OBJC_MSGSEND = YES;
				GCC_C_LANGUAGE_STANDARD = gnu99;
				GCC_DYNAMIC_NO_PIC = NO;
				GCC_OPTIMIZATION_LEVEL = 0;
				GCC_PREPROCESSOR_DEFINITIONS = (
					"DEBUG=1",
					"$(inherited)",
				);
				GCC_SYMBOLS_PRIVATE_EXTERN = NO;
				GCC_WARN_64_TO_32_BIT_CONVERSION = YES;
				GCC_WARN_ABOUT_RETURN_TYPE = YES_ERROR;
				GCC_WARN_UNDECLARED_SELECTOR = YES;
				GCC_WARN_UNINITIALIZED_AUTOS = YES_AGGRESSIVE;
				GCC_WARN_UNUSED_FUNCTION = YES;
				GCC_WARN_UNUSED_VARIABLE = YES;
				IPHONEOS_DEPLOYMENT_TARGET = 8.1;
				MTL_ENABLE_DEBUG_INFO = YES;
				ONLY_ACTIVE_ARCH = YES;
				SDKROOT = iphoneos;
				SWIFT_OPTIMIZATION_LEVEL = "-Onone";
			};
			name = Debug;
		};
		BD6FCADA1A792E5400453032 /* Release */ = {
			isa = XCBuildConfiguration;
			buildSettings = {
				ALWAYS_SEARCH_USER_PATHS = NO;
				CLANG_CXX_LANGUAGE_STANDARD = "gnu++0x";
				CLANG_CXX_LIBRARY = "libc++";
				CLANG_ENABLE_MODULES = YES;
				CLANG_ENABLE_OBJC_ARC = YES;
				CLANG_WARN_BOOL_CONVERSION = YES;
				CLANG_WARN_CONSTANT_CONVERSION = YES;
				CLANG_WARN_DIRECT_OBJC_ISA_USAGE = YES_ERROR;
				CLANG_WARN_EMPTY_BODY = YES;
				CLANG_WARN_ENUM_CONVERSION = YES;
				CLANG_WARN_INT_CONVERSION = YES;
				CLANG_WARN_OBJC_ROOT_CLASS = YES_ERROR;
				CLANG_WARN_UNREACHABLE_CODE = YES;
				CLANG_WARN__DUPLICATE_METHOD_MATCH = YES;
				"CODE_SIGN_IDENTITY[sdk=iphoneos*]" = "iPhone Developer";
				COPY_PHASE_STRIP = YES;
				ENABLE_NS_ASSERTIONS = NO;
				ENABLE_STRICT_OBJC_MSGSEND = YES;
				GCC_C_LANGUAGE_STANDARD = gnu99;
				GCC_WARN_64_TO_32_BIT_CONVERSION = YES;
				GCC_WARN_ABOUT_RETURN_TYPE = YES_ERROR;
				GCC_WARN_UNDECLARED_SELECTOR = YES;
				GCC_WARN_UNINITIALIZED_AUTOS = YES_AGGRESSIVE;
				GCC_WARN_UNUSED_FUNCTION = YES;
				GCC_WARN_UNUSED_VARIABLE = YES;
				IPHONEOS_DEPLOYMENT_TARGET = 8.1;
				MTL_ENABLE_DEBUG_INFO = NO;
				SDKROOT = iphoneos;
				VALIDATE_PRODUCT = YES;
			};
			name = Release;
		};
		BD6FCADC1A792E5400453032 /* Debug */ = {
			isa = XCBuildConfiguration;
			buildSettings = {
				ASSETCATALOG_COMPILER_APPICON_NAME = AppIcon;
				INFOPLIST_FILE = Break/Info.plist;
				LD_RUNPATH_SEARCH_PATHS = "$(inherited) @executable_path/Frameworks";
				PRODUCT_NAME = "$(TARGET_NAME)";
			};
			name = Debug;
		};
		BD6FCADD1A792E5400453032 /* Release */ = {
			isa = XCBuildConfiguration;
			buildSettings = {
				ASSETCATALOG_COMPILER_APPICON_NAME = AppIcon;
				INFOPLIST_FILE = Break/Info.plist;
				LD_RUNPATH_SEARCH_PATHS = "$(inherited) @executable_path/Frameworks";
				PRODUCT_NAME = "$(TARGET_NAME)";
			};
			name = Release;
		};
		BD6FCADF1A792E5400453032 /* Debug */ = {
			isa = XCBuildConfiguration;
			buildSettings = {
				BUNDLE_LOADER = "$(TEST_HOST)";
				FRAMEWORK_SEARCH_PATHS = (
					"$(SDKROOT)/Developer/Library/Frameworks",
					"$(inherited)",
				);
				GCC_PREPROCESSOR_DEFINITIONS = (
					"DEBUG=1",
					"$(inherited)",
				);
				INFOPLIST_FILE = BreakTests/Info.plist;
				LD_RUNPATH_SEARCH_PATHS = "$(inherited) @executable_path/Frameworks @loader_path/Frameworks";
				PRODUCT_NAME = "$(TARGET_NAME)";
				TEST_HOST = "$(BUILT_PRODUCTS_DIR)/Break.app/Break";
			};
			name = Debug;
		};
		BD6FCAE01A792E5400453032 /* Release */ = {
			isa = XCBuildConfiguration;
			buildSettings = {
				BUNDLE_LOADER = "$(TEST_HOST)";
				FRAMEWORK_SEARCH_PATHS = (
					"$(SDKROOT)/Developer/Library/Frameworks",
					"$(inherited)",
				);
				INFOPLIST_FILE = BreakTests/Info.plist;
				LD_RUNPATH_SEARCH_PATHS = "$(inherited) @executable_path/Frameworks @loader_path/Frameworks";
				PRODUCT_NAME = "$(TARGET_NAME)";
				TEST_HOST = "$(BUILT_PRODUCTS_DIR)/Break.app/Break";
			};
			name = Release;
		};
/* End XCBuildConfiguration section */

/* Begin XCConfigurationList section */
		BD6FCAB71A792E5400453032 /* Build configuration list for PBXProject "Break" */ = {
			isa = XCConfigurationList;
			buildConfigurations = (
				BD6FCAD91A792E5400453032 /* Debug */,
				BD6FCADA1A792E5400453032 /* Release */,
			);
			defaultConfigurationIsVisible = 0;
			defaultConfigurationName = Release;
		};
		BD6FCADB1A792E5400453032 /* Build configuration list for PBXNativeTarget "Break" */ = {
			isa = XCConfigurationList;
			buildConfigurations = (
				BD6FCADC1A792E5400453032 /* Debug */,
				BD6FCADD1A792E5400453032 /* Release */,
			);
			defaultConfigurationIsVisible = 0;
			defaultConfigurationName = Release;
		};
		BD6FCADE1A792E5400453032 /* Build configuration list for PBXNativeTarget "BreakTests" */ = {
			isa = XCConfigurationList;
			buildConfigurations = (
				BD6FCADF1A792E5400453032 /* Debug */,
				BD6FCAE01A792E5400453032 /* Release */,
			);
			defaultConfigurationIsVisible = 0;
			defaultConfigurationName = Release;
		};
/* End XCConfigurationList section */
	};
	rootObject = BD6FCAB41A792E5400453032 /* Project object */;
}
