// !$*UTF8*$!
{
	archiveVersion = 1;
	classes = {
	};
	objectVersion = 46;
	objects = {

/* Begin PBXBuildFile section */
		828073BA1ADF2AB40024E9CD /* AppDelegate.swift in Sources */ = {isa = PBXBuildFile; fileRef = 828073B91ADF2AB40024E9CD /* AppDelegate.swift */; };
		828073BC1ADF2AB40024E9CD /* ViewController.swift in Sources */ = {isa = PBXBuildFile; fileRef = 828073BB1ADF2AB40024E9CD /* ViewController.swift */; };
		828073BF1ADF2AB40024E9CD /* Main.storyboard in Resources */ = {isa = PBXBuildFile; fileRef = 828073BD1ADF2AB40024E9CD /* Main.storyboard */; };
		828073C11ADF2AB40024E9CD /* Images.xcassets in Resources */ = {isa = PBXBuildFile; fileRef = 828073C01ADF2AB40024E9CD /* Images.xcassets */; };
		828073C41ADF2AB40024E9CD /* LaunchScreen.xib in Resources */ = {isa = PBXBuildFile; fileRef = 828073C21ADF2AB40024E9CD /* LaunchScreen.xib */; };
		828073D01ADF2AB40024E9CD /* MonkeyPinchTests.swift in Sources */ = {isa = PBXBuildFile; fileRef = 828073CF1ADF2AB40024E9CD /* MonkeyPinchTests.swift */; };
		828073E01ADF2AD70024E9CD /* banana.png in Resources */ = {isa = PBXBuildFile; fileRef = 828073DA1ADF2AD70024E9CD /* banana.png */; };
		828073E11ADF2AD70024E9CD /* banana@2x.png in Resources */ = {isa = PBXBuildFile; fileRef = 828073DB1ADF2AD70024E9CD /* banana@2x.png */; };
		828073E21ADF2AD70024E9CD /* chomp.caf in Resources */ = {isa = PBXBuildFile; fileRef = 828073DC1ADF2AD70024E9CD /* chomp.caf */; };
		828073E31ADF2AD70024E9CD /* hehehe1.caf in Resources */ = {isa = PBXBuildFile; fileRef = 828073DD1ADF2AD70024E9CD /* hehehe1.caf */; };
		828073E41ADF2AD70024E9CD /* monkey.png in Resources */ = {isa = PBXBuildFile; fileRef = 828073DE1ADF2AD70024E9CD /* monkey.png */; };
		828073E51ADF2AD70024E9CD /* monkey@2x.png in Resources */ = {isa = PBXBuildFile; fileRef = 828073DF1ADF2AD70024E9CD /* monkey@2x.png */; };
		828073E71ADF34F50024E9CD /* TickleGestureRecognizer.swift in Sources */ = {isa = PBXBuildFile; fileRef = 828073E61ADF34F50024E9CD /* TickleGestureRecognizer.swift */; };
/* End PBXBuildFile section */

/* Begin PBXContainerItemProxy section */
		828073CA1ADF2AB40024E9CD /* PBXContainerItemProxy */ = {
			isa = PBXContainerItemProxy;
			containerPortal = 828073AC1ADF2AB40024E9CD /* Project object */;
			proxyType = 1;
			remoteGlobalIDString = 828073B31ADF2AB40024E9CD;
			remoteInfo = MonkeyPinch;
		};
/* End PBXContainerItemProxy section */

/* Begin PBXFileReference section */
		828073B41ADF2AB40024E9CD /* MonkeyPinch.app */ = {isa = PBXFileReference; explicitFileType = wrapper.application; includeInIndex = 0; path = MonkeyPinch.app; sourceTree = BUILT_PRODUCTS_DIR; };
		828073B81ADF2AB40024E9CD /* Info.plist */ = {isa = PBXFileReference; lastKnownFileType = text.plist.xml; path = Info.plist; sourceTree = "<group>"; };
		828073B91ADF2AB40024E9CD /* AppDelegate.swift */ = {isa = PBXFileReference; lastKnownFileType = sourcecode.swift; path = AppDelegate.swift; sourceTree = "<group>"; };
		828073BB1ADF2AB40024E9CD /* ViewController.swift */ = {isa = PBXFileReference; lastKnownFileType = sourcecode.swift; path = ViewController.swift; sourceTree = "<group>"; };
		828073BE1ADF2AB40024E9CD /* Base */ = {isa = PBXFileReference; lastKnownFileType = file.storyboard; name = Base; path = Base.lproj/Main.storyboard; sourceTree = "<group>"; };
		828073C01ADF2AB40024E9CD /* Images.xcassets */ = {isa = PBXFileReference; lastKnownFileType = folder.assetcatalog; path = Images.xcassets; sourceTree = "<group>"; };
		828073C31ADF2AB40024E9CD /* Base */ = {isa = PBXFileReference; lastKnownFileType = file.xib; name = Base; path = Base.lproj/LaunchScreen.xib; sourceTree = "<group>"; };
		828073C91ADF2AB40024E9CD /* MonkeyPinchTests.xctest */ = {isa = PBXFileReference; explicitFileType = wrapper.cfbundle; includeInIndex = 0; path = MonkeyPinchTests.xctest; sourceTree = BUILT_PRODUCTS_DIR; };
		828073CE1ADF2AB40024E9CD /* Info.plist */ = {isa = PBXFileReference; lastKnownFileType = text.plist.xml; path = Info.plist; sourceTree = "<group>"; };
		828073CF1ADF2AB40024E9CD /* MonkeyPinchTests.swift */ = {isa = PBXFileReference; lastKnownFileType = sourcecode.swift; path = MonkeyPinchTests.swift; sourceTree = "<group>"; };
		828073DA1ADF2AD70024E9CD /* banana.png */ = {isa = PBXFileReference; lastKnownFileType = image.png; path = banana.png; sourceTree = "<group>"; };
		828073DB1ADF2AD70024E9CD /* banana@2x.png */ = {isa = PBXFileReference; lastKnownFileType = image.png; path = "banana@2x.png"; sourceTree = "<group>"; };
		828073DC1ADF2AD70024E9CD /* chomp.caf */ = {isa = PBXFileReference; lastKnownFileType = file; path = chomp.caf; sourceTree = "<group>"; };
		828073DD1ADF2AD70024E9CD /* hehehe1.caf */ = {isa = PBXFileReference; lastKnownFileType = file; path = hehehe1.caf; sourceTree = "<group>"; };
		828073DE1ADF2AD70024E9CD /* monkey.png */ = {isa = PBXFileReference; lastKnownFileType = image.png; path = monkey.png; sourceTree = "<group>"; };
		828073DF1ADF2AD70024E9CD /* monkey@2x.png */ = {isa = PBXFileReference; lastKnownFileType = image.png; path = "monkey@2x.png"; sourceTree = "<group>"; };
		828073E61ADF34F50024E9CD /* TickleGestureRecognizer.swift */ = {isa = PBXFileReference; fileEncoding = 4; lastKnownFileType = sourcecode.swift; path = TickleGestureRecognizer.swift; sourceTree = "<group>"; };
		828073E81ADF35220024E9CD /* MonkeyPinch-Bridging-Header.h */ = {isa = PBXFileReference; lastKnownFileType = sourcecode.c.h; path = "MonkeyPinch-Bridging-Header.h"; sourceTree = "<group>"; };
/* End PBXFileReference section */

/* Begin PBXFrameworksBuildPhase section */
		828073B11ADF2AB40024E9CD /* Frameworks */ = {
			isa = PBXFrameworksBuildPhase;
			buildActionMask = 2147483647;
			files = (
			);
			runOnlyForDeploymentPostprocessing = 0;
		};
		828073C61ADF2AB40024E9CD /* Frameworks */ = {
			isa = PBXFrameworksBuildPhase;
			buildActionMask = 2147483647;
			files = (
			);
			runOnlyForDeploymentPostprocessing = 0;
		};
/* End PBXFrameworksBuildPhase section */

/* Begin PBXGroup section */
		828073AB1ADF2AB40024E9CD = {
			isa = PBXGroup;
			children = (
				828073B61ADF2AB40024E9CD /* MonkeyPinch */,
				828073CC1ADF2AB40024E9CD /* MonkeyPinchTests */,
				828073B51ADF2AB40024E9CD /* Products */,
			);
			sourceTree = "<group>";
		};
		828073B51ADF2AB40024E9CD /* Products */ = {
			isa = PBXGroup;
			children = (
				828073B41ADF2AB40024E9CD /* MonkeyPinch.app */,
				828073C91ADF2AB40024E9CD /* MonkeyPinchTests.xctest */,
			);
			name = Products;
			sourceTree = "<group>";
		};
		828073B61ADF2AB40024E9CD /* MonkeyPinch */ = {
			isa = PBXGroup;
			children = (
				828073B91ADF2AB40024E9CD /* AppDelegate.swift */,
				828073BD1ADF2AB40024E9CD /* Main.storyboard */,
				828073BB1ADF2AB40024E9CD /* ViewController.swift */,
				828073E61ADF34F50024E9CD /* TickleGestureRecognizer.swift */,
				828073C01ADF2AB40024E9CD /* Images.xcassets */,
				828073C21ADF2AB40024E9CD /* LaunchScreen.xib */,
				828073D91ADF2AD70024E9CD /* Resources */,
				828073B71ADF2AB40024E9CD /* Supporting Files */,
				828073E81ADF35220024E9CD /* MonkeyPinch-Bridging-Header.h */,
			);
			path = MonkeyPinch;
			sourceTree = "<group>";
		};
		828073B71ADF2AB40024E9CD /* Supporting Files */ = {
			isa = PBXGroup;
			children = (
				828073B81ADF2AB40024E9CD /* Info.plist */,
			);
			name = "Supporting Files";
			sourceTree = "<group>";
		};
		828073CC1ADF2AB40024E9CD /* MonkeyPinchTests */ = {
			isa = PBXGroup;
			children = (
				828073CF1ADF2AB40024E9CD /* MonkeyPinchTests.swift */,
				828073CD1ADF2AB40024E9CD /* Supporting Files */,
			);
			path = MonkeyPinchTests;
			sourceTree = "<group>";
		};
		828073CD1ADF2AB40024E9CD /* Supporting Files */ = {
			isa = PBXGroup;
			children = (
				828073CE1ADF2AB40024E9CD /* Info.plist */,
			);
			name = "Supporting Files";
			sourceTree = "<group>";
		};
		828073D91ADF2AD70024E9CD /* Resources */ = {
			isa = PBXGroup;
			children = (
				828073DA1ADF2AD70024E9CD /* banana.png */,
				828073DB1ADF2AD70024E9CD /* banana@2x.png */,
				828073DC1ADF2AD70024E9CD /* chomp.caf */,
				828073DD1ADF2AD70024E9CD /* hehehe1.caf */,
				828073DE1ADF2AD70024E9CD /* monkey.png */,
				828073DF1ADF2AD70024E9CD /* monkey@2x.png */,
			);
			name = Resources;
			path = MonkeyPinchResources;
			sourceTree = "<group>";
		};
/* End PBXGroup section */

/* Begin PBXNativeTarget section */
		828073B31ADF2AB40024E9CD /* MonkeyPinch */ = {
			isa = PBXNativeTarget;
			buildConfigurationList = 828073D31ADF2AB40024E9CD /* Build configuration list for PBXNativeTarget "MonkeyPinch" */;
			buildPhases = (
				828073B01ADF2AB40024E9CD /* Sources */,
				828073B11ADF2AB40024E9CD /* Frameworks */,
				828073B21ADF2AB40024E9CD /* Resources */,
			);
			buildRules = (
			);
			dependencies = (
			);
			name = MonkeyPinch;
			productName = MonkeyPinch;
			productReference = 828073B41ADF2AB40024E9CD /* MonkeyPinch.app */;
			productType = "com.apple.product-type.application";
		};
		828073C81ADF2AB40024E9CD /* MonkeyPinchTests */ = {
			isa = PBXNativeTarget;
			buildConfigurationList = 828073D61ADF2AB40024E9CD /* Build configuration list for PBXNativeTarget "MonkeyPinchTests" */;
			buildPhases = (
				828073C51ADF2AB40024E9CD /* Sources */,
				828073C61ADF2AB40024E9CD /* Frameworks */,
				828073C71ADF2AB40024E9CD /* Resources */,
			);
			buildRules = (
			);
			dependencies = (
				828073CB1ADF2AB40024E9CD /* PBXTargetDependency */,
			);
			name = MonkeyPinchTests;
			productName = MonkeyPinchTests;
			productReference = 828073C91ADF2AB40024E9CD /* MonkeyPinchTests.xctest */;
			productType = "com.apple.product-type.bundle.unit-test";
		};
/* End PBXNativeTarget section */

/* Begin PBXProject section */
		828073AC1ADF2AB40024E9CD /* Project object */ = {
			isa = PBXProject;
			attributes = {
				LastUpgradeCheck = 0630;
				ORGANIZATIONNAME = "Caroline Begbie";
				TargetAttributes = {
					828073B31ADF2AB40024E9CD = {
						CreatedOnToolsVersion = 6.3;
					};
					828073C81ADF2AB40024E9CD = {
						CreatedOnToolsVersion = 6.3;
						TestTargetID = 828073B31ADF2AB40024E9CD;
					};
				};
			};
			buildConfigurationList = 828073AF1ADF2AB40024E9CD /* Build configuration list for PBXProject "MonkeyPinch" */;
			compatibilityVersion = "Xcode 3.2";
			developmentRegion = English;
			hasScannedForEncodings = 0;
			knownRegions = (
				en,
				Base,
			);
			mainGroup = 828073AB1ADF2AB40024E9CD;
			productRefGroup = 828073B51ADF2AB40024E9CD /* Products */;
			projectDirPath = "";
			projectRoot = "";
			targets = (
				828073B31ADF2AB40024E9CD /* MonkeyPinch */,
				828073C81ADF2AB40024E9CD /* MonkeyPinchTests */,
			);
		};
/* End PBXProject section */

/* Begin PBXResourcesBuildPhase section */
		828073B21ADF2AB40024E9CD /* Resources */ = {
			isa = PBXResourcesBuildPhase;
			buildActionMask = 2147483647;
			files = (
				828073E41ADF2AD70024E9CD /* monkey.png in Resources */,
				828073E21ADF2AD70024E9CD /* chomp.caf in Resources */,
				828073BF1ADF2AB40024E9CD /* Main.storyboard in Resources */,
				828073C41ADF2AB40024E9CD /* LaunchScreen.xib in Resources */,
				828073E51ADF2AD70024E9CD /* monkey@2x.png in Resources */,
				828073E11ADF2AD70024E9CD /* banana@2x.png in Resources */,
				828073E01ADF2AD70024E9CD /* banana.png in Resources */,
				828073C11ADF2AB40024E9CD /* Images.xcassets in Resources */,
				828073E31ADF2AD70024E9CD /* hehehe1.caf in Resources */,
			);
			runOnlyForDeploymentPostprocessing = 0;
		};
		828073C71ADF2AB40024E9CD /* Resources */ = {
			isa = PBXResourcesBuildPhase;
			buildActionMask = 2147483647;
			files = (
			);
			runOnlyForDeploymentPostprocessing = 0;
		};
/* End PBXResourcesBuildPhase section */

/* Begin PBXSourcesBuildPhase section */
		828073B01ADF2AB40024E9CD /* Sources */ = {
			isa = PBXSourcesBuildPhase;
			buildActionMask = 2147483647;
			files = (
				828073BC1ADF2AB40024E9CD /* ViewController.swift in Sources */,
				828073E71ADF34F50024E9CD /* TickleGestureRecognizer.swift in Sources */,
				828073BA1ADF2AB40024E9CD /* AppDelegate.swift in Sources */,
			);
			runOnlyForDeploymentPostprocessing = 0;
		};
		828073C51ADF2AB40024E9CD /* Sources */ = {
			isa = PBXSourcesBuildPhase;
			buildActionMask = 2147483647;
			files = (
				828073D01ADF2AB40024E9CD /* MonkeyPinchTests.swift in Sources */,
			);
			runOnlyForDeploymentPostprocessing = 0;
		};
/* End PBXSourcesBuildPhase section */

/* Begin PBXTargetDependency section */
		828073CB1ADF2AB40024E9CD /* PBXTargetDependency */ = {
			isa = PBXTargetDependency;
			target = 828073B31ADF2AB40024E9CD /* MonkeyPinch */;
			targetProxy = 828073CA1ADF2AB40024E9CD /* PBXContainerItemProxy */;
		};
/* End PBXTargetDependency section */

/* Begin PBXVariantGroup section */
		828073BD1ADF2AB40024E9CD /* Main.storyboard */ = {
			isa = PBXVariantGroup;
			children = (
				828073BE1ADF2AB40024E9CD /* Base */,
			);
			name = Main.storyboard;
			sourceTree = "<group>";
		};
		828073C21ADF2AB40024E9CD /* LaunchScreen.xib */ = {
			isa = PBXVariantGroup;
			children = (
				828073C31ADF2AB40024E9CD /* Base */,
			);
			name = LaunchScreen.xib;
			sourceTree = "<group>";
		};
/* End PBXVariantGroup section */

/* Begin XCBuildConfiguration section */
		828073D11ADF2AB40024E9CD /* Debug */ = {
			isa = XCBuildConfiguration;
			buildSettings = {
				ALWAYS_SEARCH_USER_PATHS = NO;
				CLANG_CXX_LANGUAGE_STANDARD = "gnu++0x";
				CLANG_CXX_LIBRARY = "libc++";
				CLANG_ENABLE_MODULES = YES;
				CLANG_ENABLE_OBJC_ARC = YES;
				CLANG_WARN_BOOL_CONVERSION = YES;
				CLANG_WARN_CONSTANT_CONVERSION = YES;
				CLANG_WARN_DIRECT_OBJC_ISA_USAGE = YES_ERROR;
				CLANG_WARN_EMPTY_BODY = YES;
				CLANG_WARN_ENUM_CONVERSION = YES;
				CLANG_WARN_INT_CONVERSION = YES;
				CLANG_WARN_OBJC_ROOT_CLASS = YES_ERROR;
				CLANG_WARN_UNREACHABLE_CODE = YES;
				CLANG_WARN__DUPLICATE_METHOD_MATCH = YES;
				"CODE_SIGN_IDENTITY[sdk=iphoneos*]" = "iPhone Developer";
				COPY_PHASE_STRIP = NO;
				DEBUG_INFORMATION_FORMAT = "dwarf-with-dsym";
				ENABLE_STRICT_OBJC_MSGSEND = YES;
				GCC_C_LANGUAGE_STANDARD = gnu99;
				GCC_DYNAMIC_NO_PIC = NO;
				GCC_NO_COMMON_BLOCKS = YES;
				GCC_OPTIMIZATION_LEVEL = 0;
				GCC_PREPROCESSOR_DEFINITIONS = (
					"DEBUG=1",
					"$(inherited)",
				);
				GCC_SYMBOLS_PRIVATE_EXTERN = NO;
				GCC_WARN_64_TO_32_BIT_CONVERSION = YES;
				GCC_WARN_ABOUT_RETURN_TYPE = YES_ERROR;
				GCC_WARN_UNDECLARED_SELECTOR = YES;
				GCC_WARN_UNINITIALIZED_AUTOS = YES_AGGRESSIVE;
				GCC_WARN_UNUSED_FUNCTION = YES;
				GCC_WARN_UNUSED_VARIABLE = YES;
				IPHONEOS_DEPLOYMENT_TARGET = 8.3;
				MTL_ENABLE_DEBUG_INFO = YES;
				ONLY_ACTIVE_ARCH = YES;
				SDKROOT = iphoneos;
				SWIFT_OPTIMIZATION_LEVEL = "-Onone";
			};
			name = Debug;
		};
		828073D21ADF2AB40024E9CD /* Release */ = {
			isa = XCBuildConfiguration;
			buildSettings = {
				ALWAYS_SEARCH_USER_PATHS = NO;
				CLANG_CXX_LANGUAGE_STANDARD = "gnu++0x";
				CLANG_CXX_LIBRARY = "libc++";
				CLANG_ENABLE_MODULES = YES;
				CLANG_ENABLE_OBJC_ARC = YES;
				CLANG_WARN_BOOL_CONVERSION = YES;
				CLANG_WARN_CONSTANT_CONVERSION = YES;
				CLANG_WARN_DIRECT_OBJC_ISA_USAGE = YES_ERROR;
				CLANG_WARN_EMPTY_BODY = YES;
				CLANG_WARN_ENUM_CONVERSION = YES;
				CLANG_WARN_INT_CONVERSION = YES;
				CLANG_WARN_OBJC_ROOT_CLASS = YES_ERROR;
				CLANG_WARN_UNREACHABLE_CODE = YES;
				CLANG_WARN__DUPLICATE_METHOD_MATCH = YES;
				"CODE_SIGN_IDENTITY[sdk=iphoneos*]" = "iPhone Developer";
				COPY_PHASE_STRIP = NO;
				DEBUG_INFORMATION_FORMAT = "dwarf-with-dsym";
				ENABLE_NS_ASSERTIONS = NO;
				ENABLE_STRICT_OBJC_MSGSEND = YES;
				GCC_C_LANGUAGE_STANDARD = gnu99;
				GCC_NO_COMMON_BLOCKS = YES;
				GCC_WARN_64_TO_32_BIT_CONVERSION = YES;
				GCC_WARN_ABOUT_RETURN_TYPE = YES_ERROR;
				GCC_WARN_UNDECLARED_SELECTOR = YES;
				GCC_WARN_UNINITIALIZED_AUTOS = YES_AGGRESSIVE;
				GCC_WARN_UNUSED_FUNCTION = YES;
				GCC_WARN_UNUSED_VARIABLE = YES;
				IPHONEOS_DEPLOYMENT_TARGET = 8.3;
				MTL_ENABLE_DEBUG_INFO = NO;
				SDKROOT = iphoneos;
				VALIDATE_PRODUCT = YES;
			};
			name = Release;
		};
		828073D41ADF2AB40024E9CD /* Debug */ = {
			isa = XCBuildConfiguration;
			buildSettings = {
				ASSETCATALOG_COMPILER_APPICON_NAME = AppIcon;
				CLANG_ENABLE_MODULES = YES;
				INFOPLIST_FILE = MonkeyPinch/Info.plist;
				LD_RUNPATH_SEARCH_PATHS = "$(inherited) @executable_path/Frameworks";
				PRODUCT_NAME = "$(TARGET_NAME)";
				SWIFT_OBJC_BRIDGING_HEADER = "MonkeyPinch/MonkeyPinch-Bridging-Header.h";
				SWIFT_OPTIMIZATION_LEVEL = "-Onone";
			};
			name = Debug;
		};
		828073D51ADF2AB40024E9CD /* Release */ = {
			isa = XCBuildConfiguration;
			buildSettings = {
				ASSETCATALOG_COMPILER_APPICON_NAME = AppIcon;
				CLANG_ENABLE_MODULES = YES;
				INFOPLIST_FILE = MonkeyPinch/Info.plist;
				LD_RUNPATH_SEARCH_PATHS = "$(inherited) @executable_path/Frameworks";
				PRODUCT_NAME = "$(TARGET_NAME)";
				SWIFT_OBJC_BRIDGING_HEADER = "MonkeyPinch/MonkeyPinch-Bridging-Header.h";
			};
			name = Release;
		};
		828073D71ADF2AB40024E9CD /* Debug */ = {
			isa = XCBuildConfiguration;
			buildSettings = {
				BUNDLE_LOADER = "$(TEST_HOST)";
				FRAMEWORK_SEARCH_PATHS = (
					"$(SDKROOT)/Developer/Library/Frameworks",
					"$(inherited)",
				);
				GCC_PREPROCESSOR_DEFINITIONS = (
					"DEBUG=1",
					"$(inherited)",
				);
				INFOPLIST_FILE = MonkeyPinchTests/Info.plist;
				LD_RUNPATH_SEARCH_PATHS = "$(inherited) @executable_path/Frameworks @loader_path/Frameworks";
				PRODUCT_NAME = "$(TARGET_NAME)";
				TEST_HOST = "$(BUILT_PRODUCTS_DIR)/MonkeyPinch.app/MonkeyPinch";
			};
			name = Debug;
		};
		828073D81ADF2AB40024E9CD /* Release */ = {
			isa = XCBuildConfiguration;
			buildSettings = {
				BUNDLE_LOADER = "$(TEST_HOST)";
				FRAMEWORK_SEARCH_PATHS = (
					"$(SDKROOT)/Developer/Library/Frameworks",
					"$(inherited)",
				);
				INFOPLIST_FILE = MonkeyPinchTests/Info.plist;
				LD_RUNPATH_SEARCH_PATHS = "$(inherited) @executable_path/Frameworks @loader_path/Frameworks";
				PRODUCT_NAME = "$(TARGET_NAME)";
				TEST_HOST = "$(BUILT_PRODUCTS_DIR)/MonkeyPinch.app/MonkeyPinch";
			};
			name = Release;
		};
/* End XCBuildConfiguration section */

/* Begin XCConfigurationList section */
		828073AF1ADF2AB40024E9CD /* Build configuration list for PBXProject "MonkeyPinch" */ = {
			isa = XCConfigurationList;
			buildConfigurations = (
				828073D11ADF2AB40024E9CD /* Debug */,
				828073D21ADF2AB40024E9CD /* Release */,
			);
			defaultConfigurationIsVisible = 0;
			defaultConfigurationName = Release;
		};
		828073D31ADF2AB40024E9CD /* Build configuration list for PBXNativeTarget "MonkeyPinch" */ = {
			isa = XCConfigurationList;
			buildConfigurations = (
				828073D41ADF2AB40024E9CD /* Debug */,
				828073D51ADF2AB40024E9CD /* Release */,
			);
			defaultConfigurationIsVisible = 0;
		};
		828073D61ADF2AB40024E9CD /* Build configuration list for PBXNativeTarget "MonkeyPinchTests" */ = {
			isa = XCConfigurationList;
			buildConfigurations = (
				828073D71ADF2AB40024E9CD /* Debug */,
				828073D81ADF2AB40024E9CD /* Release */,
			);
			defaultConfigurationIsVisible = 0;
		};
/* End XCConfigurationList section */
	};
	rootObject = 828073AC1ADF2AB40024E9CD /* Project object */;
}
